
Microsoft Visual Studio Solution File, Format Version 12.00
# Visual Studio 14
VisualStudioVersion = 14.0.24720.0
MinimumVisualStudioVersion = 10.0.40219.1
Project("{FAE04EC0-301F-11D3-BF4B-00C04F79EFBC}") = "F8App", "F8App.csproj", "{E6CFFB72-B2B1-47B6-95F7-F8BFCAA4ADEA}"
EndProject
Project("{FAE04EC0-301F-11D3-BF4B-00C04F79EFBC}") = "FacebookSDK", "..\..\react-native-fbsdk2\windows\FacebookSDK.csproj", "{11771E89-C7BA-4DCB-A67B-A21690C2C236}"
EndProject
Project("{FAE04EC0-301F-11D3-BF4B-00C04F79EFBC}") = "ReactNative", "..\..\node_modules\react-native\ReactWindows\ReactNative\ReactNative.csproj", "{C7673AD5-E3AA-468C-A5FD-FA38154E205C}"
EndProject
Global
	GlobalSection(SolutionConfigurationPlatforms) = preSolution
		Debug|Any CPU = Debug|Any CPU
		Debug|ARM = Debug|ARM
		Debug|x64 = Debug|x64
		Debug|x86 = Debug|x86
		Release|Any CPU = Release|Any CPU
		Release|ARM = Release|ARM
		Release|x64 = Release|x64
		Release|x86 = Release|x86
	EndGlobalSection
	GlobalSection(ProjectConfigurationPlatforms) = postSolution
		{E6CFFB72-B2B1-47B6-95F7-F8BFCAA4ADEA}.Debug|Any CPU.ActiveCfg = Debug|x86
		{E6CFFB72-B2B1-47B6-95F7-F8BFCAA4ADEA}.Debug|ARM.ActiveCfg = Debug|ARM
		{E6CFFB72-B2B1-47B6-95F7-F8BFCAA4ADEA}.Debug|ARM.Build.0 = Debug|ARM
		{E6CFFB72-B2B1-47B6-95F7-F8BFCAA4ADEA}.Debug|ARM.Deploy.0 = Debug|ARM
		{E6CFFB72-B2B1-47B6-95F7-F8BFCAA4ADEA}.Debug|x64.ActiveCfg = Debug|x64
		{E6CFFB72-B2B1-47B6-95F7-F8BFCAA4ADEA}.Debug|x64.Build.0 = Debug|x64
		{E6CFFB72-B2B1-47B6-95F7-F8BFCAA4ADEA}.Debug|x64.Deploy.0 = Debug|x64
		{E6CFFB72-B2B1-47B6-95F7-F8BFCAA4ADEA}.Debug|x86.ActiveCfg = Debug|x86
		{E6CFFB72-B2B1-47B6-95F7-F8BFCAA4ADEA}.Debug|x86.Build.0 = Debug|x86
		{E6CFFB72-B2B1-47B6-95F7-F8BFCAA4ADEA}.Debug|x86.Deploy.0 = Debug|x86
		{E6CFFB72-B2B1-47B6-95F7-F8BFCAA4ADEA}.Release|Any CPU.ActiveCfg = Release|x86
		{E6CFFB72-B2B1-47B6-95F7-F8BFCAA4ADEA}.Release|ARM.ActiveCfg = Release|ARM
		{E6CFFB72-B2B1-47B6-95F7-F8BFCAA4ADEA}.Release|ARM.Build.0 = Release|ARM
		{E6CFFB72-B2B1-47B6-95F7-F8BFCAA4ADEA}.Release|ARM.Deploy.0 = Release|ARM
		{E6CFFB72-B2B1-47B6-95F7-F8BFCAA4ADEA}.Release|x64.ActiveCfg = Release|x64
		{E6CFFB72-B2B1-47B6-95F7-F8BFCAA4ADEA}.Release|x64.Build.0 = Release|x64
		{E6CFFB72-B2B1-47B6-95F7-F8BFCAA4ADEA}.Release|x64.Deploy.0 = Release|x64
		{E6CFFB72-B2B1-47B6-95F7-F8BFCAA4ADEA}.Release|x86.ActiveCfg = Release|x86
		{E6CFFB72-B2B1-47B6-95F7-F8BFCAA4ADEA}.Release|x86.Build.0 = Release|x86
		{E6CFFB72-B2B1-47B6-95F7-F8BFCAA4ADEA}.Release|x86.Deploy.0 = Release|x86
		{11771E89-C7BA-4DCB-A67B-A21690C2C236}.Debug|Any CPU.ActiveCfg = Debug|Any CPU
		{11771E89-C7BA-4DCB-A67B-A21690C2C236}.Debug|Any CPU.Build.0 = Debug|Any CPU
		{11771E89-C7BA-4DCB-A67B-A21690C2C236}.Debug|ARM.ActiveCfg = Debug|ARM
		{11771E89-C7BA-4DCB-A67B-A21690C2C236}.Debug|ARM.Build.0 = Debug|ARM
		{11771E89-C7BA-4DCB-A67B-A21690C2C236}.Debug|x64.ActiveCfg = Debug|x64
		{11771E89-C7BA-4DCB-A67B-A21690C2C236}.Debug|x64.Build.0 = Debug|x64
		{11771E89-C7BA-4DCB-A67B-A21690C2C236}.Debug|x86.ActiveCfg = Debug|x86
		{11771E89-C7BA-4DCB-A67B-A21690C2C236}.Debug|x86.Build.0 = Debug|x86
		{11771E89-C7BA-4DCB-A67B-A21690C2C236}.Release|Any CPU.ActiveCfg = Release|Any CPU
		{11771E89-C7BA-4DCB-A67B-A21690C2C236}.Release|Any CPU.Build.0 = Release|Any CPU
		{11771E89-C7BA-4DCB-A67B-A21690C2C236}.Release|ARM.ActiveCfg = Release|ARM
		{11771E89-C7BA-4DCB-A67B-A21690C2C236}.Release|ARM.Build.0 = Release|ARM
		{11771E89-C7BA-4DCB-A67B-A21690C2C236}.Release|x64.ActiveCfg = Release|x64
		{11771E89-C7BA-4DCB-A67B-A21690C2C236}.Release|x64.Build.0 = Release|x64
		{11771E89-C7BA-4DCB-A67B-A21690C2C236}.Release|x86.ActiveCfg = Release|x86
		{11771E89-C7BA-4DCB-A67B-A21690C2C236}.Release|x86.Build.0 = Release|x86
		{C7673AD5-E3AA-468C-A5FD-FA38154E205C}.Debug|Any CPU.ActiveCfg = Debug|Any CPU
		{C7673AD5-E3AA-468C-A5FD-FA38154E205C}.Debug|Any CPU.Build.0 = Debug|Any CPU
		{C7673AD5-E3AA-468C-A5FD-FA38154E205C}.Debug|ARM.ActiveCfg = Debug|ARM
		{C7673AD5-E3AA-468C-A5FD-FA38154E205C}.Debug|ARM.Build.0 = Debug|ARM
		{C7673AD5-E3AA-468C-A5FD-FA38154E205C}.Debug|x64.ActiveCfg = Debug|x64
		{C7673AD5-E3AA-468C-A5FD-FA38154E205C}.Debug|x64.Build.0 = Debug|x64
		{C7673AD5-E3AA-468C-A5FD-FA38154E205C}.Debug|x86.ActiveCfg = Debug|x86
		{C7673AD5-E3AA-468C-A5FD-FA38154E205C}.Debug|x86.Build.0 = Debug|x86
		{C7673AD5-E3AA-468C-A5FD-FA38154E205C}.Release|Any CPU.ActiveCfg = Release|Any CPU
		{C7673AD5-E3AA-468C-A5FD-FA38154E205C}.Release|Any CPU.Build.0 = Release|Any CPU
		{C7673AD5-E3AA-468C-A5FD-FA38154E205C}.Release|ARM.ActiveCfg = Release|ARM
		{C7673AD5-E3AA-468C-A5FD-FA38154E205C}.Release|ARM.Build.0 = Release|ARM
		{C7673AD5-E3AA-468C-A5FD-FA38154E205C}.Release|x64.ActiveCfg = Release|x64
		{C7673AD5-E3AA-468C-A5FD-FA38154E205C}.Release|x64.Build.0 = Release|x64
		{C7673AD5-E3AA-468C-A5FD-FA38154E205C}.Release|x86.ActiveCfg = Release|x86
		{C7673AD5-E3AA-468C-A5FD-FA38154E205C}.Release|x86.Build.0 = Release|x86
	EndGlobalSection
	GlobalSection(SolutionProperties) = preSolution
		HideSolutionNode = FALSE
	EndGlobalSection
EndGlobal
